<?xml version="1.0" encoding="utf-8"?>
<Project ToolsVersion="4.0" xmlns="http://schemas.microsoft.com/developer/msbuild/2003">
  <ItemGroup>
    <Filter Include="Source files">
      <UniqueIdentifier>{460db5a6-f4e6-4c4b-be18-84c4c24e4f4e}</UniqueIdentifier>
      <Extensions>cpp;c;cc;cxx;def;odl;idl;hpj;bat;asm;asmx</Extensions>
    </Filter>
    <Filter Include="Header files">
      <UniqueIdentifier>{e16a45f8-e176-4f6c-8203-e5c6ce505f33}</UniqueIdentifier>
      <Extensions>h;hpp;hxx;hm;inl;inc;xsd</Extensions>
    </Filter>
    <Filter Include="Resource files">
      <UniqueIdentifier>{40adc604-b663-43d1-b72e-27e950621c55}</UniqueIdentifier>
      <Extensions>rc;ico;cur;bmp;dlg;rc2;rct;bin;rgs;gif;jpg;jpeg;jpe;resx;tiff;tif;png;wav</Extensions>
    </Filter>
    <Filter Include="Make files">
      <UniqueIdentifier>{8559529b-8990-431d-a375-b243280429d6}</UniqueIdentifier>
      <Extensions>*.mak</Extensions>
    </Filter>
  </ItemGroup>
  <ItemGroup>
    <ClCompile Include="deal_dead_connect.cpp">
      <Filter>Source files</Filter>
    </ClCompile>
  </ItemGroup>
  <ItemGroup>
    <None Include="Makefile" />
    <None Include="debug.mak">
      <Filter>Make files</Filter>
    </None>
    <None Include="release.mak">
      <Filter>Make files</Filter>
    </None>
  </ItemGroup>
  <ItemGroup>
    <ClInclude Include="lst_timer.h">
      <Filter>Header files</Filter>
    </ClInclude>
    <ClInclude Include="tw_timer.h">
      <Filter>Header files</Filter>
    </ClInclude>
  </ItemGroup>
</Project>